
Microsoft Visual Studio Solution File, Format Version 12.00
# Visual Studio Version 17
VisualStudioVersion = 17.13.35913.81 d17.13
MinimumVisualStudioVersion = 10.0.40219.1
Project("{888888A0-9F3D-457C-B088-3A5042F75D52}") = "3NLIDTS_PabloJimenez_03py", "3NLIDTS_PabloJimenez_03py\3NLIDTS_PabloJimenez_03py.pyproj", "{18C7AD6B-662E-4340-9182-40EFFDC275C0}"
EndProject
Global
	GlobalSection(SolutionConfigurationPlatforms) = preSolution
		Debug|Any CPU = Debug|Any CPU
		Release|Any CPU = Release|Any CPU
	EndGlobalSection
	GlobalSection(ProjectConfigurationPlatforms) = postSolution
		{18C7AD6B-662E-4340-9182-40EFFDC275C0}.Debug|Any CPU.ActiveCfg = Debug|Any CPU
		{18C7AD6B-662E-4340-9182-40EFFDC275C0}.Release|Any CPU.ActiveCfg = Release|Any CPU
	EndGlobalSection
	GlobalSection(SolutionProperties) = preSolution
		HideSolutionNode = FALSE
	EndGlobalSection
	GlobalSection(ExtensibilityGlobals) = postSolution
		SolutionGuid = {515B0F95-28DD-4C8B-BB09-EA8406604E68}
	EndGlobalSection
EndGlobal
